
Microsoft Visual Studio Solution File, Format Version 12.00
# Visual Studio Version 17
VisualStudioVersion = 17.9.34607.119
MinimumVisualStudioVersion = 10.0.40219.1
Project("{9A19103F-16F7-4668-BE54-9A1E7A4F7556}") = "SpriteX Framework", "SpriteX Framework.csproj", "{F7DEA1B5-1DD1-4841-B025-D2DB403A9C27}"
EndProject
Global
	GlobalSection(SolutionConfigurationPlatforms) = preSolution
		Debug|Any CPU = Debug|Any CPU
		Release|Any CPU = Release|Any CPU
	EndGlobalSection
	GlobalSection(ProjectConfigurationPlatforms) = postSolution
		{F7DEA1B5-1DD1-4841-B025-D2DB403A9C27}.Debug|Any CPU.ActiveCfg = Debug|Any CPU
		{F7DEA1B5-1DD1-4841-B025-D2DB403A9C27}.Debug|Any CPU.Build.0 = Debug|Any CPU
		{F7DEA1B5-1DD1-4841-B025-D2DB403A9C27}.Release|Any CPU.ActiveCfg = Release|Any CPU
		{F7DEA1B5-1DD1-4841-B025-D2DB403A9C27}.Release|Any CPU.Build.0 = Release|Any CPU
	EndGlobalSection
	GlobalSection(SolutionProperties) = preSolution
		HideSolutionNode = FALSE
	EndGlobalSection
	GlobalSection(ExtensibilityGlobals) = postSolution
		SolutionGuid = {8B6606E7-7E5D-459B-B5D3-BA5FEF4FD3EB}
	EndGlobalSection
EndGlobal
